<?xml version="1.0" encoding="utf-8"?><Project ToolsVersion="4.0" xmlns="http://schemas.microsoft.com/developer/msbuild/2003"><ItemGroup><Filter Include="win"><UniqueIdentifier>{47FC5EC4-15EB-E92F-89D7-AFE51CF838A9}</UniqueIdentifier></Filter></ItemGroup><ItemGroup><None Include="client_encoder.gyp"/><ClInclude Include="buffer_pool-inl.h"/><ClInclude Include="http_uploader.h"/><ClInclude Include="data_sink.h"/><ClInclude Include="webm_buffer_parser.h"/><ClInclude Include="webm_mux.h"/><ClCompile Include="client_encoder_main.cc"/><ClCompile Include="video_encoder.cc"/><ClInclude Include="video_encoder.h"/><ClInclude Include="vpx_encoder.h"/><ClCompile Include="vorbis_encoder.cc"/><ClInclude Include="vorbis_encoder.h"/><ClInclude Include="buffer_util.h"/><ClCompile Include="webm_encoder.cc"/><ClCompile Include="webm_buffer_parser.cc"/><ClInclude Include="buffer_pool.h"/><ClCompile Include="webm_mux.cc"/><ClCompile Include="http_uploader.cc"/><ClCompile Include="audio_encoder.cc"/><ClInclude Include="basictypes.h"/><ClCompile Include="buffer_util.cc"/><ClInclude Include="client_encoder_base.h"/><ClInclude Include="webm_encoder.h"/><ClCompile Include="vpx_encoder.cc"/><ClInclude Include="audio_encoder.h"/><ClInclude Include="win\media_source_dshow.h"><Filter>win</Filter></ClInclude><ClCompile Include="win\build_config_win.cc"><Filter>win</Filter></ClCompile><ClCompile Include="win\webm_guids.cc"><Filter>win</Filter></ClCompile><ClCompile Include="win\dshow_util.cc"><Filter>win</Filter></ClCompile><ClInclude Include="win\dshow_util.h"><Filter>win</Filter></ClInclude><ClCompile Include="win\media_source_dshow.cc"><Filter>win</Filter></ClCompile><ClCompile Include="win\media_type_dshow.cc"><Filter>win</Filter></ClCompile><ClCompile Include="win\audio_sink_filter.cc"><Filter>win</Filter></ClCompile><ClInclude Include="win\webm_guids.h"><Filter>win</Filter></ClInclude><ClCompile Include="win\video_sink_filter.cc"><Filter>win</Filter></ClCompile><ClInclude Include="win\video_sink_filter.h"><Filter>win</Filter></ClInclude><ClInclude Include="win\audio_sink_filter.h"><Filter>win</Filter></ClInclude><ClInclude Include="win\media_type_dshow.h"><Filter>win</Filter></ClInclude></ItemGroup></Project>